
Microsoft Visual Studio Solution File, Format Version 12.00
# Visual Studio Version 16
VisualStudioVersion = 16.0.30503.244
MinimumVisualStudioVersion = 10.0.40219.1
Project("{FAE04EC0-301F-11D3-BF4B-00C04F79EFBC}") = "RRB", "RRB\RRB.csproj", "{248B237A-D3F1-419A-BDE6-972047DC2BDE}"
EndProject
Global
	GlobalSection(SolutionConfigurationPlatforms) = preSolution
		Debug|Any CPU = Debug|Any CPU
		Release|Any CPU = Release|Any CPU
	EndGlobalSection
	GlobalSection(ProjectConfigurationPlatforms) = postSolution
		{248B237A-D3F1-419A-BDE6-972047DC2BDE}.Debug|Any CPU.ActiveCfg = Debug|Any CPU
		{248B237A-D3F1-419A-BDE6-972047DC2BDE}.Debug|Any CPU.Build.0 = Debug|Any CPU
		{248B237A-D3F1-419A-BDE6-972047DC2BDE}.Release|Any CPU.ActiveCfg = Release|Any CPU
		{248B237A-D3F1-419A-BDE6-972047DC2BDE}.Release|Any CPU.Build.0 = Release|Any CPU
	EndGlobalSection
	GlobalSection(SolutionProperties) = preSolution
		HideSolutionNode = FALSE
	EndGlobalSection
	GlobalSection(ExtensibilityGlobals) = postSolution
		SolutionGuid = {536D564C-8718-43AF-8F0D-F1DC25436B7F}
	EndGlobalSection
EndGlobal
